
Microsoft Visual Studio Solution File, Format Version 12.00
# Visual Studio Version 16
VisualStudioVersion = 16.0.31410.357
MinimumVisualStudioVersion = 10.0.40219.1
Project("{8BC9CEB8-8B4A-11D0-8D11-00A0C91BC942}") = "XVideoEdit", "XVideoEdit\XVideoEdit.vcxproj", "{EC3B2B81-3960-4289-B814-4C59C615CBA1}"
EndProject
Global
	GlobalSection(SolutionConfigurationPlatforms) = preSolution
		Debug|x64 = Debug|x64
		Release|x64 = Release|x64
	EndGlobalSection
	GlobalSection(ProjectConfigurationPlatforms) = postSolution
		{EC3B2B81-3960-4289-B814-4C59C615CBA1}.Debug|x64.ActiveCfg = Debug|x64
		{EC3B2B81-3960-4289-B814-4C59C615CBA1}.Debug|x64.Build.0 = Debug|x64
		{EC3B2B81-3960-4289-B814-4C59C615CBA1}.Release|x64.ActiveCfg = Release|x64
		{EC3B2B81-3960-4289-B814-4C59C615CBA1}.Release|x64.Build.0 = Release|x64
	EndGlobalSection
	GlobalSection(SolutionProperties) = preSolution
		HideSolutionNode = FALSE
	EndGlobalSection
	GlobalSection(ExtensibilityGlobals) = postSolution
		SolutionGuid = {59AE0DDC-2A1E-45F1-BC33-315781B2A45D}
	EndGlobalSection
EndGlobal
